// !$*UTF8*$!
{
	archiveVersion = 1;
	classes = {
	};
	objectVersion = 46;
	objects = {

/* Begin PBXBuildFile section */
		A94375AE1E4648230053B419 /* AppDelegate.swift in Sources */ = {isa = PBXBuildFile; fileRef = A94375AD1E4648230053B419 /* AppDelegate.swift */; };
		A94375B31E4648230053B419 /* Main.storyboard in Resources */ = {isa = PBXBuildFile; fileRef = A94375B11E4648230053B419 /* Main.storyboard */; };
		A94375B51E4648230053B419 /* Assets.xcassets in Resources */ = {isa = PBXBuildFile; fileRef = A94375B41E4648230053B419 /* Assets.xcassets */; };
		A94375B81E4648230053B419 /* LaunchScreen.storyboard in Resources */ = {isa = PBXBuildFile; fileRef = A94375B61E4648230053B419 /* LaunchScreen.storyboard */; };
		A9FE274F1E4A8F0E00F01A14 /* AthleteTableViewController.swift in Sources */ = {isa = PBXBuildFile; fileRef = A9FE274E1E4A8F0E00F01A14 /* AthleteTableViewController.swift */; };
		D8C7C6E52065321300F87266 /* Athlete.swift in Sources */ = {isa = PBXBuildFile; fileRef = D8C7C6E42065321300F87266 /* Athlete.swift */; };
		D8C7C6E7206532B200F87266 /* AthleteFormViewController.swift in Sources */ = {isa = PBXBuildFile; fileRef = D8C7C6E6206532B200F87266 /* AthleteFormViewController.swift */; };
/* End PBXBuildFile section */

/* Begin PBXFileReference section */
		A94375AA1E4648230053B419 /* FavoriteAthlete.app */ = {isa = PBXFileReference; explicitFileType = wrapper.application; includeInIndex = 0; path = FavoriteAthlete.app; sourceTree = BUILT_PRODUCTS_DIR; };
		A94375AD1E4648230053B419 /* AppDelegate.swift */ = {isa = PBXFileReference; lastKnownFileType = sourcecode.swift; path = AppDelegate.swift; sourceTree = "<group>"; };
		A94375B21E4648230053B419 /* Base */ = {isa = PBXFileReference; lastKnownFileType = file.storyboard; name = Base; path = Base.lproj/Main.storyboard; sourceTree = "<group>"; };
		A94375B41E4648230053B419 /* Assets.xcassets */ = {isa = PBXFileReference; lastKnownFileType = folder.assetcatalog; path = Assets.xcassets; sourceTree = "<group>"; };
		A94375B71E4648230053B419 /* Base */ = {isa = PBXFileReference; lastKnownFileType = file.storyboard; name = Base; path = Base.lproj/LaunchScreen.storyboard; sourceTree = "<group>"; };
		A94375B91E4648230053B419 /* Info.plist */ = {isa = PBXFileReference; lastKnownFileType = text.plist.xml; path = Info.plist; sourceTree = "<group>"; };
		A9FE274E1E4A8F0E00F01A14 /* AthleteTableViewController.swift */ = {isa = PBXFileReference; fileEncoding = 4; lastKnownFileType = sourcecode.swift; path = AthleteTableViewController.swift; sourceTree = "<group>"; };
		D8C7C6E42065321300F87266 /* Athlete.swift */ = {isa = PBXFileReference; lastKnownFileType = sourcecode.swift; path = Athlete.swift; sourceTree = "<group>"; };
		D8C7C6E6206532B200F87266 /* AthleteFormViewController.swift */ = {isa = PBXFileReference; lastKnownFileType = sourcecode.swift; path = AthleteFormViewController.swift; sourceTree = "<group>"; };
/* End PBXFileReference section */

/* Begin PBXFrameworksBuildPhase section */
		A94375A71E4648230053B419 /* Frameworks */ = {
			isa = PBXFrameworksBuildPhase;
			buildActionMask = 2147483647;
			files = (
			);
			runOnlyForDeploymentPostprocessing = 0;
		};
/* End PBXFrameworksBuildPhase section */

/* Begin PBXGroup section */
		A94375A11E4648230053B419 = {
			isa = PBXGroup;
			children = (
				A94375AC1E4648230053B419 /* FavoriteAthlete */,
				A94375AB1E4648230053B419 /* Products */,
			);
			sourceTree = "<group>";
		};
		A94375AB1E4648230053B419 /* Products */ = {
			isa = PBXGroup;
			children = (
				A94375AA1E4648230053B419 /* FavoriteAthlete.app */,
			);
			name = Products;
			sourceTree = "<group>";
		};
		A94375AC1E4648230053B419 /* FavoriteAthlete */ = {
			isa = PBXGroup;
			children = (
				A94375AD1E4648230053B419 /* AppDelegate.swift */,
				A94375B11E4648230053B419 /* Main.storyboard */,
				A9FE274E1E4A8F0E00F01A14 /* AthleteTableViewController.swift */,
				D8C7C6E6206532B200F87266 /* AthleteFormViewController.swift */,
				D8C7C6E42065321300F87266 /* Athlete.swift */,
				A94375B41E4648230053B419 /* Assets.xcassets */,
				A94375B61E4648230053B419 /* LaunchScreen.storyboard */,
				A94375B91E4648230053B419 /* Info.plist */,
			);
			path = FavoriteAthlete;
			sourceTree = "<group>";
		};
/* End PBXGroup section */

/* Begin PBXNativeTarget section */
		A94375A91E4648230053B419 /* FavoriteAthlete */ = {
			isa = PBXNativeTarget;
			buildConfigurationList = A94375BC1E4648230053B419 /* Build configuration list for PBXNativeTarget "FavoriteAthlete" */;
			buildPhases = (
				A94375A61E4648230053B419 /* Sources */,
				A94375A71E4648230053B419 /* Frameworks */,
				A94375A81E4648230053B419 /* Resources */,
			);
			buildRules = (
			);
			dependencies = (
			);
			name = FavoriteAthlete;
			productName = FavoriteAthlete;
			productReference = A94375AA1E4648230053B419 /* FavoriteAthlete.app */;
			productType = "com.apple.product-type.application";
		};
/* End PBXNativeTarget section */

/* Begin PBXProject section */
		A94375A21E4648230053B419 /* Project object */ = {
			isa = PBXProject;
			attributes = {
				LastSwiftUpdateCheck = 0820;
				LastUpgradeCheck = 0900;
				TargetAttributes = {
					A94375A91E4648230053B419 = {
						CreatedOnToolsVersion = 8.2.1;
						LastSwiftMigration = 0900;
						ProvisioningStyle = Automatic;
					};
				};
			};
			buildConfigurationList = A94375A51E4648230053B419 /* Build configuration list for PBXProject "FavoriteAthlete" */;
			compatibilityVersion = "Xcode 3.2";
			developmentRegion = English;
			hasScannedForEncodings = 0;
			knownRegions = (
				en,
				Base,
			);
			mainGroup = A94375A11E4648230053B419;
			productRefGroup = A94375AB1E4648230053B419 /* Products */;
			projectDirPath = "";
			projectRoot = "";
			targets = (
				A94375A91E4648230053B419 /* FavoriteAthlete */,
			);
		};
/* End PBXProject section */

/* Begin PBXResourcesBuildPhase section */
		A94375A81E4648230053B419 /* Resources */ = {
			isa = PBXResourcesBuildPhase;
			buildActionMask = 2147483647;
			files = (
				A94375B81E4648230053B419 /* LaunchScreen.storyboard in Resources */,
				A94375B51E4648230053B419 /* Assets.xcassets in Resources */,
				A94375B31E4648230053B419 /* Main.storyboard in Resources */,
			);
			runOnlyForDeploymentPostprocessing = 0;
		};
/* End PBXResourcesBuildPhase section */

/* Begin PBXSourcesBuildPhase section */
		A94375A61E4648230053B419 /* Sources */ = {
			isa = PBXSourcesBuildPhase;
			buildActionMask = 2147483647;
			files = (
				D8C7C6E7206532B200F87266 /* AthleteFormViewController.swift in Sources */,
				A9FE274F1E4A8F0E00F01A14 /* AthleteTableViewController.swift in Sources */,
				D8C7C6E52065321300F87266 /* Athlete.swift in Sources */,
				A94375AE1E4648230053B419 /* AppDelegate.swift in Sources */,
			);
			runOnlyForDeploymentPostprocessing = 0;
		};
/* End PBXSourcesBuildPhase section */

/* Begin PBXVariantGroup section */
		A94375B11E4648230053B419 /* Main.storyboard */ = {
			isa = PBXVariantGroup;
			children = (
				A94375B21E4648230053B419 /* Base */,
			);
			name = Main.storyboard;
			sourceTree = "<group>";
		};
		A94375B61E4648230053B419 /* LaunchScreen.storyboard */ = {
			isa = PBXVariantGroup;
			children = (
				A94375B71E4648230053B419 /* Base */,
			);
			name = LaunchScreen.storyboard;
			sourceTree = "<group>";
		};
/* End PBXVariantGroup section */

/* Begin XCBuildConfiguration section */
		A94375BA1E4648230053B419 /* Debug */ = {
			isa = XCBuildConfiguration;
			buildSettings = {
				ALWAYS_SEARCH_USER_PATHS = NO;
				CLANG_ANALYZER_NONNULL = YES;
				CLANG_CXX_LANGUAGE_STANDARD = "gnu++0x";
				CLANG_CXX_LIBRARY = "libc++";
				CLANG_ENABLE_MODULES = YES;
				CLANG_ENABLE_OBJC_ARC = YES;
				CLANG_WARN_BLOCK_CAPTURE_AUTORELEASING = YES;
				CLANG_WARN_BOOL_CONVERSION = YES;
				CLANG_WARN_COMMA = YES;
				CLANG_WARN_CONSTANT_CONVERSION = YES;
				CLANG_WARN_DIRECT_OBJC_ISA_USAGE = YES_ERROR;
				CLANG_WARN_DOCUMENTATION_COMMENTS = YES;
				CLANG_WARN_EMPTY_BODY = YES;
				CLANG_WARN_ENUM_CONVERSION = YES;
				CLANG_WARN_INFINITE_RECURSION = YES;
				CLANG_WARN_INT_CONVERSION = YES;
				CLANG_WARN_NON_LITERAL_NULL_CONVERSION = YES;
				CLANG_WARN_OBJC_LITERAL_CONVERSION = YES;
				CLANG_WARN_OBJC_ROOT_CLASS = YES_ERROR;
				CLANG_WARN_RANGE_LOOP_ANALYSIS = YES;
				CLANG_WARN_STRICT_PROTOTYPES = YES;
				CLANG_WARN_SUSPICIOUS_MOVE = YES;
				CLANG_WARN_UNREACHABLE_CODE = YES;
				CLANG_WARN__DUPLICATE_METHOD_MATCH = YES;
				"CODE_SIGN_IDENTITY[sdk=iphoneos*]" = "iPhone Developer";
				COPY_PHASE_STRIP = NO;
				DEBUG_INFORMATION_FORMAT = dwarf;
				ENABLE_STRICT_OBJC_MSGSEND = YES;
				ENABLE_TESTABILITY = YES;
				GCC_C_LANGUAGE_STANDARD = gnu99;
				GCC_DYNAMIC_NO_PIC = NO;
				GCC_NO_COMMON_BLOCKS = YES;
				GCC_OPTIMIZATION_LEVEL = 0;
				GCC_PREPROCESSOR_DEFINITIONS = (
					"DEBUG=1",
					"$(inherited)",
				);
				GCC_WARN_64_TO_32_BIT_CONVERSION = YES;
				GCC_WARN_ABOUT_RETURN_TYPE = YES_ERROR;
				GCC_WARN_UNDECLARED_SELECTOR = YES;
				GCC_WARN_UNINITIALIZED_AUTOS = YES_AGGRESSIVE;
				GCC_WARN_UNUSED_FUNCTION = YES;
				GCC_WARN_UNUSED_VARIABLE = YES;
				IPHONEOS_DEPLOYMENT_TARGET = 11.0;
				MTL_ENABLE_DEBUG_INFO = YES;
				ONLY_ACTIVE_ARCH = YES;
				SDKROOT = iphoneos;
				SWIFT_ACTIVE_COMPILATION_CONDITIONS = DEBUG;
				SWIFT_OPTIMIZATION_LEVEL = "-Onone";
				SWIFT_SWIFT3_OBJC_INFERENCE = Off;
				TARGETED_DEVICE_FAMILY = "1,2";
			};
			name = Debug;
		};
		A94375BB1E4648230053B419 /* Release */ = {
			isa = XCBuildConfiguration;
			buildSettings = {
				ALWAYS_SEARCH_USER_PATHS = NO;
				CLANG_ANALYZER_NONNULL = YES;
				CLANG_CXX_LANGUAGE_STANDARD = "gnu++0x";
				CLANG_CXX_LIBRARY = "libc++";
				CLANG_ENABLE_MODULES = YES;
				CLANG_ENABLE_OBJC_ARC = YES;
				CLANG_WARN_BLOCK_CAPTURE_AUTORELEASING = YES;
				CLANG_WARN_BOOL_CONVERSION = YES;
				CLANG_WARN_COMMA = YES;
				CLANG_WARN_CONSTANT_CONVERSION = YES;
				CLANG_WARN_DIRECT_OBJC_ISA_USAGE = YES_ERROR;
				CLANG_WARN_DOCUMENTATION_COMMENTS = YES;
				CLANG_WARN_EMPTY_BODY = YES;
				CLANG_WARN_ENUM_CONVERSION = YES;
				CLANG_WARN_INFINITE_RECURSION = YES;
				CLANG_WARN_INT_CONVERSION = YES;
				CLANG_WARN_NON_LITERAL_NULL_CONVERSION = YES;
				CLANG_WARN_OBJC_LITERAL_CONVERSION = YES;
				CLANG_WARN_OBJC_ROOT_CLASS = YES_ERROR;
				CLANG_WARN_RANGE_LOOP_ANALYSIS = YES;
				CLANG_WARN_STRICT_PROTOTYPES = YES;
				CLANG_WARN_SUSPICIOUS_MOVE = YES;
				CLANG_WARN_UNREACHABLE_CODE = YES;
				CLANG_WARN__DUPLICATE_METHOD_MATCH = YES;
				"CODE_SIGN_IDENTITY[sdk=iphoneos*]" = "iPhone Developer";
				COPY_PHASE_STRIP = NO;
				DEBUG_INFORMATION_FORMAT = "dwarf-with-dsym";
				ENABLE_NS_ASSERTIONS = NO;
				ENABLE_STRICT_OBJC_MSGSEND = YES;
				GCC_C_LANGUAGE_STANDARD = gnu99;
				GCC_NO_COMMON_BLOCKS = YES;
				GCC_WARN_64_TO_32_BIT_CONVERSION = YES;
				GCC_WARN_ABOUT_RETURN_TYPE = YES_ERROR;
				GCC_WARN_UNDECLARED_SELECTOR = YES;
				GCC_WARN_UNINITIALIZED_AUTOS = YES_AGGRESSIVE;
				GCC_WARN_UNUSED_FUNCTION = YES;
				GCC_WARN_UNUSED_VARIABLE = YES;
				IPHONEOS_DEPLOYMENT_TARGET = 11.0;
				MTL_ENABLE_DEBUG_INFO = NO;
				SDKROOT = iphoneos;
				SWIFT_OPTIMIZATION_LEVEL = "-Owholemodule";
				SWIFT_SWIFT3_OBJC_INFERENCE = Off;
				TARGETED_DEVICE_FAMILY = "1,2";
				VALIDATE_PRODUCT = YES;
			};
			name = Release;
		};
		A94375BD1E4648230053B419 /* Debug */ = {
			isa = XCBuildConfiguration;
			buildSettings = {
				ASSETCATALOG_COMPILER_APPICON_NAME = AppIcon;
				INFOPLIST_FILE = FavoriteAthlete/Info.plist;
				IPHONEOS_DEPLOYMENT_TARGET = 11.0;
				LD_RUNPATH_SEARCH_PATHS = "$(inherited) @executable_path/Frameworks";
				PRODUCT_BUNDLE_IDENTIFIER = com.example.FavoriteAthlete;
				PRODUCT_NAME = "$(TARGET_NAME)";
				SWIFT_SWIFT3_OBJC_INFERENCE = Off;
				SWIFT_VERSION = 4.0;
			};
			name = Debug;
		};
		A94375BE1E4648230053B419 /* Release */ = {
			isa = XCBuildConfiguration;
			buildSettings = {
				ASSETCATALOG_COMPILER_APPICON_NAME = AppIcon;
				INFOPLIST_FILE = FavoriteAthlete/Info.plist;
				IPHONEOS_DEPLOYMENT_TARGET = 11.0;
				LD_RUNPATH_SEARCH_PATHS = "$(inherited) @executable_path/Frameworks";
				PRODUCT_BUNDLE_IDENTIFIER = com.example.FavoriteAthlete;
				PRODUCT_NAME = "$(TARGET_NAME)";
				SWIFT_SWIFT3_OBJC_INFERENCE = Off;
				SWIFT_VERSION = 4.0;
			};
			name = Release;
		};
/* End XCBuildConfiguration section */

/* Begin XCConfigurationList section */
		A94375A51E4648230053B419 /* Build configuration list for PBXProject "FavoriteAthlete" */ = {
			isa = XCConfigurationList;
			buildConfigurations = (
				A94375BA1E4648230053B419 /* Debug */,
				A94375BB1E4648230053B419 /* Release */,
			);
			defaultConfigurationIsVisible = 0;
			defaultConfigurationName = Release;
		};
		A94375BC1E4648230053B419 /* Build configuration list for PBXNativeTarget "FavoriteAthlete" */ = {
			isa = XCConfigurationList;
			buildConfigurations = (
				A94375BD1E4648230053B419 /* Debug */,
				A94375BE1E4648230053B419 /* Release */,
			);
			defaultConfigurationIsVisible = 0;
			defaultConfigurationName = Release;
		};
/* End XCConfigurationList section */
	};
	rootObject = A94375A21E4648230053B419 /* Project object */;
}
