// !$*UTF8*$!
{
	archiveVersion = 1;
	classes = {
	};
	objectVersion = 46;
	objects = {

/* Begin PBXBuildFile section */
		2C5E3E1A1E514CC400C02C5F /* AppDelegate.swift in Sources */ = {isa = PBXBuildFile; fileRef = 2C5E3E191E514CC400C02C5F /* AppDelegate.swift */; };
		2C5E3E1F1E514CC400C02C5F /* Main.storyboard in Resources */ = {isa = PBXBuildFile; fileRef = 2C5E3E1D1E514CC400C02C5F /* Main.storyboard */; };
		2C5E3E211E514CC400C02C5F /* Assets.xcassets in Resources */ = {isa = PBXBuildFile; fileRef = 2C5E3E201E514CC400C02C5F /* Assets.xcassets */; };
		2C5E3E241E514CC400C02C5F /* LaunchScreen.storyboard in Resources */ = {isa = PBXBuildFile; fileRef = 2C5E3E221E514CC400C02C5F /* LaunchScreen.storyboard */; };
		2C5E3E2C1E514CE500C02C5F /* Book.swift in Sources */ = {isa = PBXBuildFile; fileRef = 2C5E3E2B1E514CE500C02C5F /* Book.swift */; };
		2C5E3E341E514EA700C02C5F /* BookTableViewController.swift in Sources */ = {isa = PBXBuildFile; fileRef = 2C5E3E331E514EA700C02C5F /* BookTableViewController.swift */; };
		D864C8B120688FFF008FB5C3 /* BookFormTableViewController.swift in Sources */ = {isa = PBXBuildFile; fileRef = D864C8B020688FFF008FB5C3 /* BookFormTableViewController.swift */; };
		D864C8B32068A0E5008FB5C3 /* BookTableViewCell.swift in Sources */ = {isa = PBXBuildFile; fileRef = D864C8B22068A0E5008FB5C3 /* BookTableViewCell.swift */; };
/* End PBXBuildFile section */

/* Begin PBXFileReference section */
		2C5E3E161E514CC400C02C5F /* FavoriteBooks.app */ = {isa = PBXFileReference; explicitFileType = wrapper.application; includeInIndex = 0; path = FavoriteBooks.app; sourceTree = BUILT_PRODUCTS_DIR; };
		2C5E3E191E514CC400C02C5F /* AppDelegate.swift */ = {isa = PBXFileReference; lastKnownFileType = sourcecode.swift; path = AppDelegate.swift; sourceTree = "<group>"; };
		2C5E3E1E1E514CC400C02C5F /* Base */ = {isa = PBXFileReference; lastKnownFileType = file.storyboard; name = Base; path = Base.lproj/Main.storyboard; sourceTree = "<group>"; };
		2C5E3E201E514CC400C02C5F /* Assets.xcassets */ = {isa = PBXFileReference; lastKnownFileType = folder.assetcatalog; path = Assets.xcassets; sourceTree = "<group>"; };
		2C5E3E231E514CC400C02C5F /* Base */ = {isa = PBXFileReference; lastKnownFileType = file.storyboard; name = Base; path = Base.lproj/LaunchScreen.storyboard; sourceTree = "<group>"; };
		2C5E3E251E514CC400C02C5F /* Info.plist */ = {isa = PBXFileReference; lastKnownFileType = text.plist.xml; path = Info.plist; sourceTree = "<group>"; };
		2C5E3E2B1E514CE500C02C5F /* Book.swift */ = {isa = PBXFileReference; fileEncoding = 4; lastKnownFileType = sourcecode.swift; path = Book.swift; sourceTree = "<group>"; };
		2C5E3E331E514EA700C02C5F /* BookTableViewController.swift */ = {isa = PBXFileReference; fileEncoding = 4; lastKnownFileType = sourcecode.swift; path = BookTableViewController.swift; sourceTree = "<group>"; };
		D864C8B020688FFF008FB5C3 /* BookFormTableViewController.swift */ = {isa = PBXFileReference; lastKnownFileType = sourcecode.swift; path = BookFormTableViewController.swift; sourceTree = "<group>"; };
		D864C8B22068A0E5008FB5C3 /* BookTableViewCell.swift */ = {isa = PBXFileReference; lastKnownFileType = sourcecode.swift; path = BookTableViewCell.swift; sourceTree = "<group>"; };
/* End PBXFileReference section */

/* Begin PBXFrameworksBuildPhase section */
		2C5E3E131E514CC400C02C5F /* Frameworks */ = {
			isa = PBXFrameworksBuildPhase;
			buildActionMask = 2147483647;
			files = (
			);
			runOnlyForDeploymentPostprocessing = 0;
		};
/* End PBXFrameworksBuildPhase section */

/* Begin PBXGroup section */
		2C5E3E0D1E514CC400C02C5F = {
			isa = PBXGroup;
			children = (
				2C5E3E181E514CC400C02C5F /* FavoriteBook */,
				2C5E3E171E514CC400C02C5F /* Products */,
			);
			sourceTree = "<group>";
		};
		2C5E3E171E514CC400C02C5F /* Products */ = {
			isa = PBXGroup;
			children = (
				2C5E3E161E514CC400C02C5F /* FavoriteBooks.app */,
			);
			name = Products;
			sourceTree = "<group>";
		};
		2C5E3E181E514CC400C02C5F /* FavoriteBook */ = {
			isa = PBXGroup;
			children = (
				2C5E3E331E514EA700C02C5F /* BookTableViewController.swift */,
				D864C8B020688FFF008FB5C3 /* BookFormTableViewController.swift */,
				D864C8B22068A0E5008FB5C3 /* BookTableViewCell.swift */,
				2C5E3E191E514CC400C02C5F /* AppDelegate.swift */,
				2C5E3E2B1E514CE500C02C5F /* Book.swift */,
				2C5E3E1D1E514CC400C02C5F /* Main.storyboard */,
				2C5E3E201E514CC400C02C5F /* Assets.xcassets */,
				2C5E3E221E514CC400C02C5F /* LaunchScreen.storyboard */,
				2C5E3E251E514CC400C02C5F /* Info.plist */,
			);
			path = FavoriteBook;
			sourceTree = "<group>";
		};
/* End PBXGroup section */

/* Begin PBXNativeTarget section */
		2C5E3E151E514CC400C02C5F /* FavoriteBooks */ = {
			isa = PBXNativeTarget;
			buildConfigurationList = 2C5E3E281E514CC400C02C5F /* Build configuration list for PBXNativeTarget "FavoriteBooks" */;
			buildPhases = (
				2C5E3E121E514CC400C02C5F /* Sources */,
				2C5E3E131E514CC400C02C5F /* Frameworks */,
				2C5E3E141E514CC400C02C5F /* Resources */,
			);
			buildRules = (
			);
			dependencies = (
			);
			name = FavoriteBooks;
			productName = FavoriteBook;
			productReference = 2C5E3E161E514CC400C02C5F /* FavoriteBooks.app */;
			productType = "com.apple.product-type.application";
		};
/* End PBXNativeTarget section */

/* Begin PBXProject section */
		2C5E3E0E1E514CC400C02C5F /* Project object */ = {
			isa = PBXProject;
			attributes = {
				LastSwiftUpdateCheck = 0820;
				LastUpgradeCheck = 0900;
				ORGANIZATIONNAME = "";
				TargetAttributes = {
					2C5E3E151E514CC400C02C5F = {
						CreatedOnToolsVersion = 8.2.1;
						LastSwiftMigration = 0900;
						ProvisioningStyle = Automatic;
					};
				};
			};
			buildConfigurationList = 2C5E3E111E514CC400C02C5F /* Build configuration list for PBXProject "FavoriteBooks" */;
			compatibilityVersion = "Xcode 3.2";
			developmentRegion = English;
			hasScannedForEncodings = 0;
			knownRegions = (
				en,
				Base,
			);
			mainGroup = 2C5E3E0D1E514CC400C02C5F;
			productRefGroup = 2C5E3E171E514CC400C02C5F /* Products */;
			projectDirPath = "";
			projectRoot = "";
			targets = (
				2C5E3E151E514CC400C02C5F /* FavoriteBooks */,
			);
		};
/* End PBXProject section */

/* Begin PBXResourcesBuildPhase section */
		2C5E3E141E514CC400C02C5F /* Resources */ = {
			isa = PBXResourcesBuildPhase;
			buildActionMask = 2147483647;
			files = (
				2C5E3E241E514CC400C02C5F /* LaunchScreen.storyboard in Resources */,
				2C5E3E211E514CC400C02C5F /* Assets.xcassets in Resources */,
				2C5E3E1F1E514CC400C02C5F /* Main.storyboard in Resources */,
			);
			runOnlyForDeploymentPostprocessing = 0;
		};
/* End PBXResourcesBuildPhase section */

/* Begin PBXSourcesBuildPhase section */
		2C5E3E121E514CC400C02C5F /* Sources */ = {
			isa = PBXSourcesBuildPhase;
			buildActionMask = 2147483647;
			files = (
				2C5E3E341E514EA700C02C5F /* BookTableViewController.swift in Sources */,
				2C5E3E1A1E514CC400C02C5F /* AppDelegate.swift in Sources */,
				D864C8B120688FFF008FB5C3 /* BookFormTableViewController.swift in Sources */,
				D864C8B32068A0E5008FB5C3 /* BookTableViewCell.swift in Sources */,
				2C5E3E2C1E514CE500C02C5F /* Book.swift in Sources */,
			);
			runOnlyForDeploymentPostprocessing = 0;
		};
/* End PBXSourcesBuildPhase section */

/* Begin PBXVariantGroup section */
		2C5E3E1D1E514CC400C02C5F /* Main.storyboard */ = {
			isa = PBXVariantGroup;
			children = (
				2C5E3E1E1E514CC400C02C5F /* Base */,
			);
			name = Main.storyboard;
			sourceTree = "<group>";
		};
		2C5E3E221E514CC400C02C5F /* LaunchScreen.storyboard */ = {
			isa = PBXVariantGroup;
			children = (
				2C5E3E231E514CC400C02C5F /* Base */,
			);
			name = LaunchScreen.storyboard;
			sourceTree = "<group>";
		};
/* End PBXVariantGroup section */

/* Begin XCBuildConfiguration section */
		2C5E3E261E514CC400C02C5F /* Debug */ = {
			isa = XCBuildConfiguration;
			buildSettings = {
				ALWAYS_SEARCH_USER_PATHS = NO;
				CLANG_ANALYZER_NONNULL = YES;
				CLANG_CXX_LANGUAGE_STANDARD = "gnu++0x";
				CLANG_CXX_LIBRARY = "libc++";
				CLANG_ENABLE_MODULES = YES;
				CLANG_ENABLE_OBJC_ARC = YES;
				CLANG_WARN_BLOCK_CAPTURE_AUTORELEASING = YES;
				CLANG_WARN_BOOL_CONVERSION = YES;
				CLANG_WARN_COMMA = YES;
				CLANG_WARN_CONSTANT_CONVERSION = YES;
				CLANG_WARN_DIRECT_OBJC_ISA_USAGE = YES_ERROR;
				CLANG_WARN_DOCUMENTATION_COMMENTS = YES;
				CLANG_WARN_EMPTY_BODY = YES;
				CLANG_WARN_ENUM_CONVERSION = YES;
				CLANG_WARN_INFINITE_RECURSION = YES;
				CLANG_WARN_INT_CONVERSION = YES;
				CLANG_WARN_NON_LITERAL_NULL_CONVERSION = YES;
				CLANG_WARN_OBJC_LITERAL_CONVERSION = YES;
				CLANG_WARN_OBJC_ROOT_CLASS = YES_ERROR;
				CLANG_WARN_RANGE_LOOP_ANALYSIS = YES;
				CLANG_WARN_STRICT_PROTOTYPES = YES;
				CLANG_WARN_SUSPICIOUS_MOVE = YES;
				CLANG_WARN_UNREACHABLE_CODE = YES;
				CLANG_WARN__DUPLICATE_METHOD_MATCH = YES;
				"CODE_SIGN_IDENTITY[sdk=iphoneos*]" = "iPhone Developer";
				COPY_PHASE_STRIP = NO;
				DEBUG_INFORMATION_FORMAT = dwarf;
				ENABLE_STRICT_OBJC_MSGSEND = YES;
				ENABLE_TESTABILITY = YES;
				GCC_C_LANGUAGE_STANDARD = gnu99;
				GCC_DYNAMIC_NO_PIC = NO;
				GCC_NO_COMMON_BLOCKS = YES;
				GCC_OPTIMIZATION_LEVEL = 0;
				GCC_PREPROCESSOR_DEFINITIONS = (
					"DEBUG=1",
					"$(inherited)",
				);
				GCC_WARN_64_TO_32_BIT_CONVERSION = YES;
				GCC_WARN_ABOUT_RETURN_TYPE = YES_ERROR;
				GCC_WARN_UNDECLARED_SELECTOR = YES;
				GCC_WARN_UNINITIALIZED_AUTOS = YES_AGGRESSIVE;
				GCC_WARN_UNUSED_FUNCTION = YES;
				GCC_WARN_UNUSED_VARIABLE = YES;
				IPHONEOS_DEPLOYMENT_TARGET = 11.0;
				MTL_ENABLE_DEBUG_INFO = YES;
				ONLY_ACTIVE_ARCH = YES;
				SDKROOT = iphoneos;
				SWIFT_ACTIVE_COMPILATION_CONDITIONS = DEBUG;
				SWIFT_OPTIMIZATION_LEVEL = "-Onone";
				SWIFT_SWIFT3_OBJC_INFERENCE = Off;
				TARGETED_DEVICE_FAMILY = "1,2";
			};
			name = Debug;
		};
		2C5E3E271E514CC400C02C5F /* Release */ = {
			isa = XCBuildConfiguration;
			buildSettings = {
				ALWAYS_SEARCH_USER_PATHS = NO;
				CLANG_ANALYZER_NONNULL = YES;
				CLANG_CXX_LANGUAGE_STANDARD = "gnu++0x";
				CLANG_CXX_LIBRARY = "libc++";
				CLANG_ENABLE_MODULES = YES;
				CLANG_ENABLE_OBJC_ARC = YES;
				CLANG_WARN_BLOCK_CAPTURE_AUTORELEASING = YES;
				CLANG_WARN_BOOL_CONVERSION = YES;
				CLANG_WARN_COMMA = YES;
				CLANG_WARN_CONSTANT_CONVERSION = YES;
				CLANG_WARN_DIRECT_OBJC_ISA_USAGE = YES_ERROR;
				CLANG_WARN_DOCUMENTATION_COMMENTS = YES;
				CLANG_WARN_EMPTY_BODY = YES;
				CLANG_WARN_ENUM_CONVERSION = YES;
				CLANG_WARN_INFINITE_RECURSION = YES;
				CLANG_WARN_INT_CONVERSION = YES;
				CLANG_WARN_NON_LITERAL_NULL_CONVERSION = YES;
				CLANG_WARN_OBJC_LITERAL_CONVERSION = YES;
				CLANG_WARN_OBJC_ROOT_CLASS = YES_ERROR;
				CLANG_WARN_RANGE_LOOP_ANALYSIS = YES;
				CLANG_WARN_STRICT_PROTOTYPES = YES;
				CLANG_WARN_SUSPICIOUS_MOVE = YES;
				CLANG_WARN_UNREACHABLE_CODE = YES;
				CLANG_WARN__DUPLICATE_METHOD_MATCH = YES;
				"CODE_SIGN_IDENTITY[sdk=iphoneos*]" = "iPhone Developer";
				COPY_PHASE_STRIP = NO;
				DEBUG_INFORMATION_FORMAT = "dwarf-with-dsym";
				ENABLE_NS_ASSERTIONS = NO;
				ENABLE_STRICT_OBJC_MSGSEND = YES;
				GCC_C_LANGUAGE_STANDARD = gnu99;
				GCC_NO_COMMON_BLOCKS = YES;
				GCC_WARN_64_TO_32_BIT_CONVERSION = YES;
				GCC_WARN_ABOUT_RETURN_TYPE = YES_ERROR;
				GCC_WARN_UNDECLARED_SELECTOR = YES;
				GCC_WARN_UNINITIALIZED_AUTOS = YES_AGGRESSIVE;
				GCC_WARN_UNUSED_FUNCTION = YES;
				GCC_WARN_UNUSED_VARIABLE = YES;
				IPHONEOS_DEPLOYMENT_TARGET = 11.0;
				MTL_ENABLE_DEBUG_INFO = NO;
				SDKROOT = iphoneos;
				SWIFT_OPTIMIZATION_LEVEL = "-Owholemodule";
				SWIFT_SWIFT3_OBJC_INFERENCE = Off;
				TARGETED_DEVICE_FAMILY = "1,2";
				VALIDATE_PRODUCT = YES;
			};
			name = Release;
		};
		2C5E3E291E514CC400C02C5F /* Debug */ = {
			isa = XCBuildConfiguration;
			buildSettings = {
				ASSETCATALOG_COMPILER_APPICON_NAME = AppIcon;
				INFOPLIST_FILE = FavoriteBook/Info.plist;
				IPHONEOS_DEPLOYMENT_TARGET = 11.0;
				LD_RUNPATH_SEARCH_PATHS = "$(inherited) @executable_path/Frameworks";
				PRODUCT_BUNDLE_IDENTIFIER = com.example.FavoriteBook;
				PRODUCT_NAME = "$(TARGET_NAME)";
				SWIFT_SWIFT3_OBJC_INFERENCE = Off;
				SWIFT_VERSION = 4.0;
			};
			name = Debug;
		};
		2C5E3E2A1E514CC400C02C5F /* Release */ = {
			isa = XCBuildConfiguration;
			buildSettings = {
				ASSETCATALOG_COMPILER_APPICON_NAME = AppIcon;
				INFOPLIST_FILE = FavoriteBook/Info.plist;
				IPHONEOS_DEPLOYMENT_TARGET = 11.0;
				LD_RUNPATH_SEARCH_PATHS = "$(inherited) @executable_path/Frameworks";
				PRODUCT_BUNDLE_IDENTIFIER = com.example.FavoriteBook;
				PRODUCT_NAME = "$(TARGET_NAME)";
				SWIFT_SWIFT3_OBJC_INFERENCE = Off;
				SWIFT_VERSION = 4.0;
			};
			name = Release;
		};
/* End XCBuildConfiguration section */

/* Begin XCConfigurationList section */
		2C5E3E111E514CC400C02C5F /* Build configuration list for PBXProject "FavoriteBooks" */ = {
			isa = XCConfigurationList;
			buildConfigurations = (
				2C5E3E261E514CC400C02C5F /* Debug */,
				2C5E3E271E514CC400C02C5F /* Release */,
			);
			defaultConfigurationIsVisible = 0;
			defaultConfigurationName = Release;
		};
		2C5E3E281E514CC400C02C5F /* Build configuration list for PBXNativeTarget "FavoriteBooks" */ = {
			isa = XCConfigurationList;
			buildConfigurations = (
				2C5E3E291E514CC400C02C5F /* Debug */,
				2C5E3E2A1E514CC400C02C5F /* Release */,
			);
			defaultConfigurationIsVisible = 0;
			defaultConfigurationName = Release;
		};
/* End XCConfigurationList section */
	};
	rootObject = 2C5E3E0E1E514CC400C02C5F /* Project object */;
}
