// !$*UTF8*$!
{
	archiveVersion = 1;
	classes = {
	};
	objectVersion = 50;
	objects = {

/* Begin PBXBuildFile section */
		D86C99AE2075226800C9DCB4 /* AppDelegate.swift in Sources */ = {isa = PBXBuildFile; fileRef = D86C99AD2075226800C9DCB4 /* AppDelegate.swift */; };
		D86C99B32075226800C9DCB4 /* Main.storyboard in Resources */ = {isa = PBXBuildFile; fileRef = D86C99B12075226800C9DCB4 /* Main.storyboard */; };
		D86C99B52075226900C9DCB4 /* Assets.xcassets in Resources */ = {isa = PBXBuildFile; fileRef = D86C99B42075226900C9DCB4 /* Assets.xcassets */; };
		D86C99B82075226900C9DCB4 /* LaunchScreen.storyboard in Resources */ = {isa = PBXBuildFile; fileRef = D86C99B62075226900C9DCB4 /* LaunchScreen.storyboard */; };
		D86C99C02075245D00C9DCB4 /* CategoryTableViewController.swift in Sources */ = {isa = PBXBuildFile; fileRef = D86C99BF2075245D00C9DCB4 /* CategoryTableViewController.swift */; };
		D86C99C22075246E00C9DCB4 /* MenuTableViewController.swift in Sources */ = {isa = PBXBuildFile; fileRef = D86C99C12075246E00C9DCB4 /* MenuTableViewController.swift */; };
		D86C99C42075247500C9DCB4 /* OrderTableViewController.swift in Sources */ = {isa = PBXBuildFile; fileRef = D86C99C32075247500C9DCB4 /* OrderTableViewController.swift */; };
		D86C99C6207524DF00C9DCB4 /* MenuItemDetailViewController.swift in Sources */ = {isa = PBXBuildFile; fileRef = D86C99C5207524DF00C9DCB4 /* MenuItemDetailViewController.swift */; };
		D86C99C82075254200C9DCB4 /* MenuItem.swift in Sources */ = {isa = PBXBuildFile; fileRef = D86C99C72075254200C9DCB4 /* MenuItem.swift */; };
		D86C99CA2075269C00C9DCB4 /* MenuController.swift in Sources */ = {isa = PBXBuildFile; fileRef = D86C99C92075269C00C9DCB4 /* MenuController.swift */; };
		D86C99CC2075B3C400C9DCB4 /* OrderConfirmationViewController.swift in Sources */ = {isa = PBXBuildFile; fileRef = D86C99CB2075B3C400C9DCB4 /* OrderConfirmationViewController.swift */; };
/* End PBXBuildFile section */

/* Begin PBXFileReference section */
		D86C99AA2075226800C9DCB4 /* Restaurant.app */ = {isa = PBXFileReference; explicitFileType = wrapper.application; includeInIndex = 0; path = Restaurant.app; sourceTree = BUILT_PRODUCTS_DIR; };
		D86C99AD2075226800C9DCB4 /* AppDelegate.swift */ = {isa = PBXFileReference; lastKnownFileType = sourcecode.swift; path = AppDelegate.swift; sourceTree = "<group>"; };
		D86C99B22075226800C9DCB4 /* Base */ = {isa = PBXFileReference; lastKnownFileType = file.storyboard; name = Base; path = Base.lproj/Main.storyboard; sourceTree = "<group>"; };
		D86C99B42075226900C9DCB4 /* Assets.xcassets */ = {isa = PBXFileReference; lastKnownFileType = folder.assetcatalog; path = Assets.xcassets; sourceTree = "<group>"; };
		D86C99B72075226900C9DCB4 /* Base */ = {isa = PBXFileReference; lastKnownFileType = file.storyboard; name = Base; path = Base.lproj/LaunchScreen.storyboard; sourceTree = "<group>"; };
		D86C99B92075226900C9DCB4 /* Info.plist */ = {isa = PBXFileReference; lastKnownFileType = text.plist.xml; path = Info.plist; sourceTree = "<group>"; };
		D86C99BF2075245D00C9DCB4 /* CategoryTableViewController.swift */ = {isa = PBXFileReference; lastKnownFileType = sourcecode.swift; path = CategoryTableViewController.swift; sourceTree = "<group>"; };
		D86C99C12075246E00C9DCB4 /* MenuTableViewController.swift */ = {isa = PBXFileReference; lastKnownFileType = sourcecode.swift; path = MenuTableViewController.swift; sourceTree = "<group>"; };
		D86C99C32075247500C9DCB4 /* OrderTableViewController.swift */ = {isa = PBXFileReference; lastKnownFileType = sourcecode.swift; path = OrderTableViewController.swift; sourceTree = "<group>"; };
		D86C99C5207524DF00C9DCB4 /* MenuItemDetailViewController.swift */ = {isa = PBXFileReference; lastKnownFileType = sourcecode.swift; path = MenuItemDetailViewController.swift; sourceTree = "<group>"; };
		D86C99C72075254200C9DCB4 /* MenuItem.swift */ = {isa = PBXFileReference; lastKnownFileType = sourcecode.swift; path = MenuItem.swift; sourceTree = "<group>"; };
		D86C99C92075269C00C9DCB4 /* MenuController.swift */ = {isa = PBXFileReference; lastKnownFileType = sourcecode.swift; path = MenuController.swift; sourceTree = "<group>"; };
		D86C99CB2075B3C400C9DCB4 /* OrderConfirmationViewController.swift */ = {isa = PBXFileReference; lastKnownFileType = sourcecode.swift; path = OrderConfirmationViewController.swift; sourceTree = "<group>"; };
/* End PBXFileReference section */

/* Begin PBXFrameworksBuildPhase section */
		D86C99A72075226700C9DCB4 /* Frameworks */ = {
			isa = PBXFrameworksBuildPhase;
			buildActionMask = 2147483647;
			files = (
			);
			runOnlyForDeploymentPostprocessing = 0;
		};
/* End PBXFrameworksBuildPhase section */

/* Begin PBXGroup section */
		D86C99A12075226700C9DCB4 = {
			isa = PBXGroup;
			children = (
				D86C99AC2075226800C9DCB4 /* Restaurant */,
				D86C99AB2075226800C9DCB4 /* Products */,
			);
			sourceTree = "<group>";
		};
		D86C99AB2075226800C9DCB4 /* Products */ = {
			isa = PBXGroup;
			children = (
				D86C99AA2075226800C9DCB4 /* Restaurant.app */,
			);
			name = Products;
			sourceTree = "<group>";
		};
		D86C99AC2075226800C9DCB4 /* Restaurant */ = {
			isa = PBXGroup;
			children = (
				D86C99AD2075226800C9DCB4 /* AppDelegate.swift */,
				D86C99C72075254200C9DCB4 /* MenuItem.swift */,
				D86C99C92075269C00C9DCB4 /* MenuController.swift */,
				D86C99BF2075245D00C9DCB4 /* CategoryTableViewController.swift */,
				D86C99C12075246E00C9DCB4 /* MenuTableViewController.swift */,
				D86C99C32075247500C9DCB4 /* OrderTableViewController.swift */,
				D86C99C5207524DF00C9DCB4 /* MenuItemDetailViewController.swift */,
				D86C99CB2075B3C400C9DCB4 /* OrderConfirmationViewController.swift */,
				D86C99B12075226800C9DCB4 /* Main.storyboard */,
				D86C99B42075226900C9DCB4 /* Assets.xcassets */,
				D86C99B62075226900C9DCB4 /* LaunchScreen.storyboard */,
				D86C99B92075226900C9DCB4 /* Info.plist */,
			);
			path = Restaurant;
			sourceTree = "<group>";
		};
/* End PBXGroup section */

/* Begin PBXNativeTarget section */
		D86C99A92075226700C9DCB4 /* Restaurant */ = {
			isa = PBXNativeTarget;
			buildConfigurationList = D86C99BC2075226900C9DCB4 /* Build configuration list for PBXNativeTarget "Restaurant" */;
			buildPhases = (
				D86C99A62075226700C9DCB4 /* Sources */,
				D86C99A72075226700C9DCB4 /* Frameworks */,
				D86C99A82075226700C9DCB4 /* Resources */,
			);
			buildRules = (
			);
			dependencies = (
			);
			name = Restaurant;
			productName = Restaurant;
			productReference = D86C99AA2075226800C9DCB4 /* Restaurant.app */;
			productType = "com.apple.product-type.application";
		};
/* End PBXNativeTarget section */

/* Begin PBXProject section */
		D86C99A22075226700C9DCB4 /* Project object */ = {
			isa = PBXProject;
			attributes = {
				LastSwiftUpdateCheck = 0930;
				LastUpgradeCheck = 0930;
				ORGANIZATIONNAME = "Doan Le Thieu";
				TargetAttributes = {
					D86C99A92075226700C9DCB4 = {
						CreatedOnToolsVersion = 9.3;
					};
				};
			};
			buildConfigurationList = D86C99A52075226700C9DCB4 /* Build configuration list for PBXProject "Restaurant" */;
			compatibilityVersion = "Xcode 9.3";
			developmentRegion = en;
			hasScannedForEncodings = 0;
			knownRegions = (
				en,
				Base,
			);
			mainGroup = D86C99A12075226700C9DCB4;
			productRefGroup = D86C99AB2075226800C9DCB4 /* Products */;
			projectDirPath = "";
			projectRoot = "";
			targets = (
				D86C99A92075226700C9DCB4 /* Restaurant */,
			);
		};
/* End PBXProject section */

/* Begin PBXResourcesBuildPhase section */
		D86C99A82075226700C9DCB4 /* Resources */ = {
			isa = PBXResourcesBuildPhase;
			buildActionMask = 2147483647;
			files = (
				D86C99B82075226900C9DCB4 /* LaunchScreen.storyboard in Resources */,
				D86C99B52075226900C9DCB4 /* Assets.xcassets in Resources */,
				D86C99B32075226800C9DCB4 /* Main.storyboard in Resources */,
			);
			runOnlyForDeploymentPostprocessing = 0;
		};
/* End PBXResourcesBuildPhase section */

/* Begin PBXSourcesBuildPhase section */
		D86C99A62075226700C9DCB4 /* Sources */ = {
			isa = PBXSourcesBuildPhase;
			buildActionMask = 2147483647;
			files = (
				D86C99C6207524DF00C9DCB4 /* MenuItemDetailViewController.swift in Sources */,
				D86C99CA2075269C00C9DCB4 /* MenuController.swift in Sources */,
				D86C99C42075247500C9DCB4 /* OrderTableViewController.swift in Sources */,
				D86C99AE2075226800C9DCB4 /* AppDelegate.swift in Sources */,
				D86C99CC2075B3C400C9DCB4 /* OrderConfirmationViewController.swift in Sources */,
				D86C99C82075254200C9DCB4 /* MenuItem.swift in Sources */,
				D86C99C02075245D00C9DCB4 /* CategoryTableViewController.swift in Sources */,
				D86C99C22075246E00C9DCB4 /* MenuTableViewController.swift in Sources */,
			);
			runOnlyForDeploymentPostprocessing = 0;
		};
/* End PBXSourcesBuildPhase section */

/* Begin PBXVariantGroup section */
		D86C99B12075226800C9DCB4 /* Main.storyboard */ = {
			isa = PBXVariantGroup;
			children = (
				D86C99B22075226800C9DCB4 /* Base */,
			);
			name = Main.storyboard;
			sourceTree = "<group>";
		};
		D86C99B62075226900C9DCB4 /* LaunchScreen.storyboard */ = {
			isa = PBXVariantGroup;
			children = (
				D86C99B72075226900C9DCB4 /* Base */,
			);
			name = LaunchScreen.storyboard;
			sourceTree = "<group>";
		};
/* End PBXVariantGroup section */

/* Begin XCBuildConfiguration section */
		D86C99BA2075226900C9DCB4 /* Debug */ = {
			isa = XCBuildConfiguration;
			buildSettings = {
				ALWAYS_SEARCH_USER_PATHS = NO;
				CLANG_ANALYZER_NONNULL = YES;
				CLANG_ANALYZER_NUMBER_OBJECT_CONVERSION = YES_AGGRESSIVE;
				CLANG_CXX_LANGUAGE_STANDARD = "gnu++14";
				CLANG_CXX_LIBRARY = "libc++";
				CLANG_ENABLE_MODULES = YES;
				CLANG_ENABLE_OBJC_ARC = YES;
				CLANG_ENABLE_OBJC_WEAK = YES;
				CLANG_WARN_BLOCK_CAPTURE_AUTORELEASING = YES;
				CLANG_WARN_BOOL_CONVERSION = YES;
				CLANG_WARN_COMMA = YES;
				CLANG_WARN_CONSTANT_CONVERSION = YES;
				CLANG_WARN_DEPRECATED_OBJC_IMPLEMENTATIONS = YES;
				CLANG_WARN_DIRECT_OBJC_ISA_USAGE = YES_ERROR;
				CLANG_WARN_DOCUMENTATION_COMMENTS = YES;
				CLANG_WARN_EMPTY_BODY = YES;
				CLANG_WARN_ENUM_CONVERSION = YES;
				CLANG_WARN_INFINITE_RECURSION = YES;
				CLANG_WARN_INT_CONVERSION = YES;
				CLANG_WARN_NON_LITERAL_NULL_CONVERSION = YES;
				CLANG_WARN_OBJC_IMPLICIT_RETAIN_SELF = YES;
				CLANG_WARN_OBJC_LITERAL_CONVERSION = YES;
				CLANG_WARN_OBJC_ROOT_CLASS = YES_ERROR;
				CLANG_WARN_RANGE_LOOP_ANALYSIS = YES;
				CLANG_WARN_STRICT_PROTOTYPES = YES;
				CLANG_WARN_SUSPICIOUS_MOVE = YES;
				CLANG_WARN_UNGUARDED_AVAILABILITY = YES_AGGRESSIVE;
				CLANG_WARN_UNREACHABLE_CODE = YES;
				CLANG_WARN__DUPLICATE_METHOD_MATCH = YES;
				CODE_SIGN_IDENTITY = "iPhone Developer";
				COPY_PHASE_STRIP = NO;
				DEBUG_INFORMATION_FORMAT = dwarf;
				ENABLE_STRICT_OBJC_MSGSEND = YES;
				ENABLE_TESTABILITY = YES;
				GCC_C_LANGUAGE_STANDARD = gnu11;
				GCC_DYNAMIC_NO_PIC = NO;
				GCC_NO_COMMON_BLOCKS = YES;
				GCC_OPTIMIZATION_LEVEL = 0;
				GCC_PREPROCESSOR_DEFINITIONS = (
					"DEBUG=1",
					"$(inherited)",
				);
				GCC_WARN_64_TO_32_BIT_CONVERSION = YES;
				GCC_WARN_ABOUT_RETURN_TYPE = YES_ERROR;
				GCC_WARN_UNDECLARED_SELECTOR = YES;
				GCC_WARN_UNINITIALIZED_AUTOS = YES_AGGRESSIVE;
				GCC_WARN_UNUSED_FUNCTION = YES;
				GCC_WARN_UNUSED_VARIABLE = YES;
				IPHONEOS_DEPLOYMENT_TARGET = 11.3;
				MTL_ENABLE_DEBUG_INFO = YES;
				ONLY_ACTIVE_ARCH = YES;
				SDKROOT = iphoneos;
				SWIFT_ACTIVE_COMPILATION_CONDITIONS = DEBUG;
				SWIFT_OPTIMIZATION_LEVEL = "-Onone";
			};
			name = Debug;
		};
		D86C99BB2075226900C9DCB4 /* Release */ = {
			isa = XCBuildConfiguration;
			buildSettings = {
				ALWAYS_SEARCH_USER_PATHS = NO;
				CLANG_ANALYZER_NONNULL = YES;
				CLANG_ANALYZER_NUMBER_OBJECT_CONVERSION = YES_AGGRESSIVE;
				CLANG_CXX_LANGUAGE_STANDARD = "gnu++14";
				CLANG_CXX_LIBRARY = "libc++";
				CLANG_ENABLE_MODULES = YES;
				CLANG_ENABLE_OBJC_ARC = YES;
				CLANG_ENABLE_OBJC_WEAK = YES;
				CLANG_WARN_BLOCK_CAPTURE_AUTORELEASING = YES;
				CLANG_WARN_BOOL_CONVERSION = YES;
				CLANG_WARN_COMMA = YES;
				CLANG_WARN_CONSTANT_CONVERSION = YES;
				CLANG_WARN_DEPRECATED_OBJC_IMPLEMENTATIONS = YES;
				CLANG_WARN_DIRECT_OBJC_ISA_USAGE = YES_ERROR;
				CLANG_WARN_DOCUMENTATION_COMMENTS = YES;
				CLANG_WARN_EMPTY_BODY = YES;
				CLANG_WARN_ENUM_CONVERSION = YES;
				CLANG_WARN_INFINITE_RECURSION = YES;
				CLANG_WARN_INT_CONVERSION = YES;
				CLANG_WARN_NON_LITERAL_NULL_CONVERSION = YES;
				CLANG_WARN_OBJC_IMPLICIT_RETAIN_SELF = YES;
				CLANG_WARN_OBJC_LITERAL_CONVERSION = YES;
				CLANG_WARN_OBJC_ROOT_CLASS = YES_ERROR;
				CLANG_WARN_RANGE_LOOP_ANALYSIS = YES;
				CLANG_WARN_STRICT_PROTOTYPES = YES;
				CLANG_WARN_SUSPICIOUS_MOVE = YES;
				CLANG_WARN_UNGUARDED_AVAILABILITY = YES_AGGRESSIVE;
				CLANG_WARN_UNREACHABLE_CODE = YES;
				CLANG_WARN__DUPLICATE_METHOD_MATCH = YES;
				CODE_SIGN_IDENTITY = "iPhone Developer";
				COPY_PHASE_STRIP = NO;
				DEBUG_INFORMATION_FORMAT = "dwarf-with-dsym";
				ENABLE_NS_ASSERTIONS = NO;
				ENABLE_STRICT_OBJC_MSGSEND = YES;
				GCC_C_LANGUAGE_STANDARD = gnu11;
				GCC_NO_COMMON_BLOCKS = YES;
				GCC_WARN_64_TO_32_BIT_CONVERSION = YES;
				GCC_WARN_ABOUT_RETURN_TYPE = YES_ERROR;
				GCC_WARN_UNDECLARED_SELECTOR = YES;
				GCC_WARN_UNINITIALIZED_AUTOS = YES_AGGRESSIVE;
				GCC_WARN_UNUSED_FUNCTION = YES;
				GCC_WARN_UNUSED_VARIABLE = YES;
				IPHONEOS_DEPLOYMENT_TARGET = 11.3;
				MTL_ENABLE_DEBUG_INFO = NO;
				SDKROOT = iphoneos;
				SWIFT_COMPILATION_MODE = wholemodule;
				SWIFT_OPTIMIZATION_LEVEL = "-O";
				VALIDATE_PRODUCT = YES;
			};
			name = Release;
		};
		D86C99BD2075226900C9DCB4 /* Debug */ = {
			isa = XCBuildConfiguration;
			buildSettings = {
				ASSETCATALOG_COMPILER_APPICON_NAME = AppIcon;
				CODE_SIGN_STYLE = Automatic;
				INFOPLIST_FILE = Restaurant/Info.plist;
				LD_RUNPATH_SEARCH_PATHS = (
					"$(inherited)",
					"@executable_path/Frameworks",
				);
				PRODUCT_BUNDLE_IDENTIFIER = com.doanthieu.Restaurant;
				PRODUCT_NAME = "$(TARGET_NAME)";
				SWIFT_VERSION = 4.0;
				TARGETED_DEVICE_FAMILY = "1,2";
			};
			name = Debug;
		};
		D86C99BE2075226900C9DCB4 /* Release */ = {
			isa = XCBuildConfiguration;
			buildSettings = {
				ASSETCATALOG_COMPILER_APPICON_NAME = AppIcon;
				CODE_SIGN_STYLE = Automatic;
				INFOPLIST_FILE = Restaurant/Info.plist;
				LD_RUNPATH_SEARCH_PATHS = (
					"$(inherited)",
					"@executable_path/Frameworks",
				);
				PRODUCT_BUNDLE_IDENTIFIER = com.doanthieu.Restaurant;
				PRODUCT_NAME = "$(TARGET_NAME)";
				SWIFT_VERSION = 4.0;
				TARGETED_DEVICE_FAMILY = "1,2";
			};
			name = Release;
		};
/* End XCBuildConfiguration section */

/* Begin XCConfigurationList section */
		D86C99A52075226700C9DCB4 /* Build configuration list for PBXProject "Restaurant" */ = {
			isa = XCConfigurationList;
			buildConfigurations = (
				D86C99BA2075226900C9DCB4 /* Debug */,
				D86C99BB2075226900C9DCB4 /* Release */,
			);
			defaultConfigurationIsVisible = 0;
			defaultConfigurationName = Release;
		};
		D86C99BC2075226900C9DCB4 /* Build configuration list for PBXNativeTarget "Restaurant" */ = {
			isa = XCConfigurationList;
			buildConfigurations = (
				D86C99BD2075226900C9DCB4 /* Debug */,
				D86C99BE2075226900C9DCB4 /* Release */,
			);
			defaultConfigurationIsVisible = 0;
			defaultConfigurationName = Release;
		};
/* End XCConfigurationList section */
	};
	rootObject = D86C99A22075226700C9DCB4 /* Project object */;
}
