// !$*UTF8*$!
{
	archiveVersion = 1;
	classes = {
	};
	objectVersion = 50;
	objects = {

/* Begin PBXBuildFile section */
		D83FF66C2074612A006913C0 /* AppDelegate.swift in Sources */ = {isa = PBXBuildFile; fileRef = D83FF66B2074612A006913C0 /* AppDelegate.swift */; };
		D83FF66E2074612A006913C0 /* ViewController.swift in Sources */ = {isa = PBXBuildFile; fileRef = D83FF66D2074612A006913C0 /* ViewController.swift */; };
		D83FF6712074612A006913C0 /* Main.storyboard in Resources */ = {isa = PBXBuildFile; fileRef = D83FF66F2074612A006913C0 /* Main.storyboard */; };
		D83FF6732074612C006913C0 /* Assets.xcassets in Resources */ = {isa = PBXBuildFile; fileRef = D83FF6722074612C006913C0 /* Assets.xcassets */; };
		D83FF6762074612C006913C0 /* LaunchScreen.storyboard in Resources */ = {isa = PBXBuildFile; fileRef = D83FF6742074612C006913C0 /* LaunchScreen.storyboard */; };
		D83FF67E20746AD1006913C0 /* PhotoInfo.swift in Sources */ = {isa = PBXBuildFile; fileRef = D83FF67D20746AD1006913C0 /* PhotoInfo.swift */; };
		D83FF68020746B01006913C0 /* URL+Helpers.swift in Sources */ = {isa = PBXBuildFile; fileRef = D83FF67F20746B01006913C0 /* URL+Helpers.swift */; };
		D83FF68220746B3D006913C0 /* PhotoInfoController.swift in Sources */ = {isa = PBXBuildFile; fileRef = D83FF68120746B3D006913C0 /* PhotoInfoController.swift */; };
/* End PBXBuildFile section */

/* Begin PBXFileReference section */
		D83FF6682074612A006913C0 /* SpacePhoto.app */ = {isa = PBXFileReference; explicitFileType = wrapper.application; includeInIndex = 0; path = SpacePhoto.app; sourceTree = BUILT_PRODUCTS_DIR; };
		D83FF66B2074612A006913C0 /* AppDelegate.swift */ = {isa = PBXFileReference; lastKnownFileType = sourcecode.swift; path = AppDelegate.swift; sourceTree = "<group>"; };
		D83FF66D2074612A006913C0 /* ViewController.swift */ = {isa = PBXFileReference; lastKnownFileType = sourcecode.swift; path = ViewController.swift; sourceTree = "<group>"; };
		D83FF6702074612A006913C0 /* Base */ = {isa = PBXFileReference; lastKnownFileType = file.storyboard; name = Base; path = Base.lproj/Main.storyboard; sourceTree = "<group>"; };
		D83FF6722074612C006913C0 /* Assets.xcassets */ = {isa = PBXFileReference; lastKnownFileType = folder.assetcatalog; path = Assets.xcassets; sourceTree = "<group>"; };
		D83FF6752074612C006913C0 /* Base */ = {isa = PBXFileReference; lastKnownFileType = file.storyboard; name = Base; path = Base.lproj/LaunchScreen.storyboard; sourceTree = "<group>"; };
		D83FF6772074612C006913C0 /* Info.plist */ = {isa = PBXFileReference; lastKnownFileType = text.plist.xml; path = Info.plist; sourceTree = "<group>"; };
		D83FF67D20746AD1006913C0 /* PhotoInfo.swift */ = {isa = PBXFileReference; lastKnownFileType = sourcecode.swift; path = PhotoInfo.swift; sourceTree = "<group>"; };
		D83FF67F20746B01006913C0 /* URL+Helpers.swift */ = {isa = PBXFileReference; lastKnownFileType = sourcecode.swift; path = "URL+Helpers.swift"; sourceTree = "<group>"; };
		D83FF68120746B3D006913C0 /* PhotoInfoController.swift */ = {isa = PBXFileReference; lastKnownFileType = sourcecode.swift; path = PhotoInfoController.swift; sourceTree = "<group>"; };
/* End PBXFileReference section */

/* Begin PBXFrameworksBuildPhase section */
		D83FF6652074612A006913C0 /* Frameworks */ = {
			isa = PBXFrameworksBuildPhase;
			buildActionMask = 2147483647;
			files = (
			);
			runOnlyForDeploymentPostprocessing = 0;
		};
/* End PBXFrameworksBuildPhase section */

/* Begin PBXGroup section */
		D83FF65F2074612A006913C0 = {
			isa = PBXGroup;
			children = (
				D83FF66A2074612A006913C0 /* SpacePhoto */,
				D83FF6692074612A006913C0 /* Products */,
			);
			sourceTree = "<group>";
		};
		D83FF6692074612A006913C0 /* Products */ = {
			isa = PBXGroup;
			children = (
				D83FF6682074612A006913C0 /* SpacePhoto.app */,
			);
			name = Products;
			sourceTree = "<group>";
		};
		D83FF66A2074612A006913C0 /* SpacePhoto */ = {
			isa = PBXGroup;
			children = (
				D83FF66B2074612A006913C0 /* AppDelegate.swift */,
				D83FF67D20746AD1006913C0 /* PhotoInfo.swift */,
				D83FF68120746B3D006913C0 /* PhotoInfoController.swift */,
				D83FF66D2074612A006913C0 /* ViewController.swift */,
				D83FF67F20746B01006913C0 /* URL+Helpers.swift */,
				D83FF66F2074612A006913C0 /* Main.storyboard */,
				D83FF6722074612C006913C0 /* Assets.xcassets */,
				D83FF6742074612C006913C0 /* LaunchScreen.storyboard */,
				D83FF6772074612C006913C0 /* Info.plist */,
			);
			path = SpacePhoto;
			sourceTree = "<group>";
		};
/* End PBXGroup section */

/* Begin PBXNativeTarget section */
		D83FF6672074612A006913C0 /* SpacePhoto */ = {
			isa = PBXNativeTarget;
			buildConfigurationList = D83FF67A2074612C006913C0 /* Build configuration list for PBXNativeTarget "SpacePhoto" */;
			buildPhases = (
				D83FF6642074612A006913C0 /* Sources */,
				D83FF6652074612A006913C0 /* Frameworks */,
				D83FF6662074612A006913C0 /* Resources */,
			);
			buildRules = (
			);
			dependencies = (
			);
			name = SpacePhoto;
			productName = SpacePhoto;
			productReference = D83FF6682074612A006913C0 /* SpacePhoto.app */;
			productType = "com.apple.product-type.application";
		};
/* End PBXNativeTarget section */

/* Begin PBXProject section */
		D83FF6602074612A006913C0 /* Project object */ = {
			isa = PBXProject;
			attributes = {
				LastSwiftUpdateCheck = 0930;
				LastUpgradeCheck = 0930;
				ORGANIZATIONNAME = "Doan Le Thieu";
				TargetAttributes = {
					D83FF6672074612A006913C0 = {
						CreatedOnToolsVersion = 9.3;
					};
				};
			};
			buildConfigurationList = D83FF6632074612A006913C0 /* Build configuration list for PBXProject "SpacePhoto" */;
			compatibilityVersion = "Xcode 9.3";
			developmentRegion = en;
			hasScannedForEncodings = 0;
			knownRegions = (
				en,
				Base,
			);
			mainGroup = D83FF65F2074612A006913C0;
			productRefGroup = D83FF6692074612A006913C0 /* Products */;
			projectDirPath = "";
			projectRoot = "";
			targets = (
				D83FF6672074612A006913C0 /* SpacePhoto */,
			);
		};
/* End PBXProject section */

/* Begin PBXResourcesBuildPhase section */
		D83FF6662074612A006913C0 /* Resources */ = {
			isa = PBXResourcesBuildPhase;
			buildActionMask = 2147483647;
			files = (
				D83FF6762074612C006913C0 /* LaunchScreen.storyboard in Resources */,
				D83FF6732074612C006913C0 /* Assets.xcassets in Resources */,
				D83FF6712074612A006913C0 /* Main.storyboard in Resources */,
			);
			runOnlyForDeploymentPostprocessing = 0;
		};
/* End PBXResourcesBuildPhase section */

/* Begin PBXSourcesBuildPhase section */
		D83FF6642074612A006913C0 /* Sources */ = {
			isa = PBXSourcesBuildPhase;
			buildActionMask = 2147483647;
			files = (
				D83FF67E20746AD1006913C0 /* PhotoInfo.swift in Sources */,
				D83FF68220746B3D006913C0 /* PhotoInfoController.swift in Sources */,
				D83FF68020746B01006913C0 /* URL+Helpers.swift in Sources */,
				D83FF66E2074612A006913C0 /* ViewController.swift in Sources */,
				D83FF66C2074612A006913C0 /* AppDelegate.swift in Sources */,
			);
			runOnlyForDeploymentPostprocessing = 0;
		};
/* End PBXSourcesBuildPhase section */

/* Begin PBXVariantGroup section */
		D83FF66F2074612A006913C0 /* Main.storyboard */ = {
			isa = PBXVariantGroup;
			children = (
				D83FF6702074612A006913C0 /* Base */,
			);
			name = Main.storyboard;
			sourceTree = "<group>";
		};
		D83FF6742074612C006913C0 /* LaunchScreen.storyboard */ = {
			isa = PBXVariantGroup;
			children = (
				D83FF6752074612C006913C0 /* Base */,
			);
			name = LaunchScreen.storyboard;
			sourceTree = "<group>";
		};
/* End PBXVariantGroup section */

/* Begin XCBuildConfiguration section */
		D83FF6782074612C006913C0 /* Debug */ = {
			isa = XCBuildConfiguration;
			buildSettings = {
				ALWAYS_SEARCH_USER_PATHS = NO;
				CLANG_ANALYZER_NONNULL = YES;
				CLANG_ANALYZER_NUMBER_OBJECT_CONVERSION = YES_AGGRESSIVE;
				CLANG_CXX_LANGUAGE_STANDARD = "gnu++14";
				CLANG_CXX_LIBRARY = "libc++";
				CLANG_ENABLE_MODULES = YES;
				CLANG_ENABLE_OBJC_ARC = YES;
				CLANG_ENABLE_OBJC_WEAK = YES;
				CLANG_WARN_BLOCK_CAPTURE_AUTORELEASING = YES;
				CLANG_WARN_BOOL_CONVERSION = YES;
				CLANG_WARN_COMMA = YES;
				CLANG_WARN_CONSTANT_CONVERSION = YES;
				CLANG_WARN_DEPRECATED_OBJC_IMPLEMENTATIONS = YES;
				CLANG_WARN_DIRECT_OBJC_ISA_USAGE = YES_ERROR;
				CLANG_WARN_DOCUMENTATION_COMMENTS = YES;
				CLANG_WARN_EMPTY_BODY = YES;
				CLANG_WARN_ENUM_CONVERSION = YES;
				CLANG_WARN_INFINITE_RECURSION = YES;
				CLANG_WARN_INT_CONVERSION = YES;
				CLANG_WARN_NON_LITERAL_NULL_CONVERSION = YES;
				CLANG_WARN_OBJC_IMPLICIT_RETAIN_SELF = YES;
				CLANG_WARN_OBJC_LITERAL_CONVERSION = YES;
				CLANG_WARN_OBJC_ROOT_CLASS = YES_ERROR;
				CLANG_WARN_RANGE_LOOP_ANALYSIS = YES;
				CLANG_WARN_STRICT_PROTOTYPES = YES;
				CLANG_WARN_SUSPICIOUS_MOVE = YES;
				CLANG_WARN_UNGUARDED_AVAILABILITY = YES_AGGRESSIVE;
				CLANG_WARN_UNREACHABLE_CODE = YES;
				CLANG_WARN__DUPLICATE_METHOD_MATCH = YES;
				CODE_SIGN_IDENTITY = "iPhone Developer";
				COPY_PHASE_STRIP = NO;
				DEBUG_INFORMATION_FORMAT = dwarf;
				ENABLE_STRICT_OBJC_MSGSEND = YES;
				ENABLE_TESTABILITY = YES;
				GCC_C_LANGUAGE_STANDARD = gnu11;
				GCC_DYNAMIC_NO_PIC = NO;
				GCC_NO_COMMON_BLOCKS = YES;
				GCC_OPTIMIZATION_LEVEL = 0;
				GCC_PREPROCESSOR_DEFINITIONS = (
					"DEBUG=1",
					"$(inherited)",
				);
				GCC_WARN_64_TO_32_BIT_CONVERSION = YES;
				GCC_WARN_ABOUT_RETURN_TYPE = YES_ERROR;
				GCC_WARN_UNDECLARED_SELECTOR = YES;
				GCC_WARN_UNINITIALIZED_AUTOS = YES_AGGRESSIVE;
				GCC_WARN_UNUSED_FUNCTION = YES;
				GCC_WARN_UNUSED_VARIABLE = YES;
				IPHONEOS_DEPLOYMENT_TARGET = 11.3;
				MTL_ENABLE_DEBUG_INFO = YES;
				ONLY_ACTIVE_ARCH = YES;
				SDKROOT = iphoneos;
				SWIFT_ACTIVE_COMPILATION_CONDITIONS = DEBUG;
				SWIFT_OPTIMIZATION_LEVEL = "-Onone";
			};
			name = Debug;
		};
		D83FF6792074612C006913C0 /* Release */ = {
			isa = XCBuildConfiguration;
			buildSettings = {
				ALWAYS_SEARCH_USER_PATHS = NO;
				CLANG_ANALYZER_NONNULL = YES;
				CLANG_ANALYZER_NUMBER_OBJECT_CONVERSION = YES_AGGRESSIVE;
				CLANG_CXX_LANGUAGE_STANDARD = "gnu++14";
				CLANG_CXX_LIBRARY = "libc++";
				CLANG_ENABLE_MODULES = YES;
				CLANG_ENABLE_OBJC_ARC = YES;
				CLANG_ENABLE_OBJC_WEAK = YES;
				CLANG_WARN_BLOCK_CAPTURE_AUTORELEASING = YES;
				CLANG_WARN_BOOL_CONVERSION = YES;
				CLANG_WARN_COMMA = YES;
				CLANG_WARN_CONSTANT_CONVERSION = YES;
				CLANG_WARN_DEPRECATED_OBJC_IMPLEMENTATIONS = YES;
				CLANG_WARN_DIRECT_OBJC_ISA_USAGE = YES_ERROR;
				CLANG_WARN_DOCUMENTATION_COMMENTS = YES;
				CLANG_WARN_EMPTY_BODY = YES;
				CLANG_WARN_ENUM_CONVERSION = YES;
				CLANG_WARN_INFINITE_RECURSION = YES;
				CLANG_WARN_INT_CONVERSION = YES;
				CLANG_WARN_NON_LITERAL_NULL_CONVERSION = YES;
				CLANG_WARN_OBJC_IMPLICIT_RETAIN_SELF = YES;
				CLANG_WARN_OBJC_LITERAL_CONVERSION = YES;
				CLANG_WARN_OBJC_ROOT_CLASS = YES_ERROR;
				CLANG_WARN_RANGE_LOOP_ANALYSIS = YES;
				CLANG_WARN_STRICT_PROTOTYPES = YES;
				CLANG_WARN_SUSPICIOUS_MOVE = YES;
				CLANG_WARN_UNGUARDED_AVAILABILITY = YES_AGGRESSIVE;
				CLANG_WARN_UNREACHABLE_CODE = YES;
				CLANG_WARN__DUPLICATE_METHOD_MATCH = YES;
				CODE_SIGN_IDENTITY = "iPhone Developer";
				COPY_PHASE_STRIP = NO;
				DEBUG_INFORMATION_FORMAT = "dwarf-with-dsym";
				ENABLE_NS_ASSERTIONS = NO;
				ENABLE_STRICT_OBJC_MSGSEND = YES;
				GCC_C_LANGUAGE_STANDARD = gnu11;
				GCC_NO_COMMON_BLOCKS = YES;
				GCC_WARN_64_TO_32_BIT_CONVERSION = YES;
				GCC_WARN_ABOUT_RETURN_TYPE = YES_ERROR;
				GCC_WARN_UNDECLARED_SELECTOR = YES;
				GCC_WARN_UNINITIALIZED_AUTOS = YES_AGGRESSIVE;
				GCC_WARN_UNUSED_FUNCTION = YES;
				GCC_WARN_UNUSED_VARIABLE = YES;
				IPHONEOS_DEPLOYMENT_TARGET = 11.3;
				MTL_ENABLE_DEBUG_INFO = NO;
				SDKROOT = iphoneos;
				SWIFT_COMPILATION_MODE = wholemodule;
				SWIFT_OPTIMIZATION_LEVEL = "-O";
				VALIDATE_PRODUCT = YES;
			};
			name = Release;
		};
		D83FF67B2074612C006913C0 /* Debug */ = {
			isa = XCBuildConfiguration;
			buildSettings = {
				ASSETCATALOG_COMPILER_APPICON_NAME = AppIcon;
				CODE_SIGN_STYLE = Automatic;
				INFOPLIST_FILE = SpacePhoto/Info.plist;
				LD_RUNPATH_SEARCH_PATHS = (
					"$(inherited)",
					"@executable_path/Frameworks",
				);
				PRODUCT_BUNDLE_IDENTIFIER = com.doanthieu.SpacePhoto;
				PRODUCT_NAME = "$(TARGET_NAME)";
				SWIFT_VERSION = 4.0;
				TARGETED_DEVICE_FAMILY = "1,2";
			};
			name = Debug;
		};
		D83FF67C2074612C006913C0 /* Release */ = {
			isa = XCBuildConfiguration;
			buildSettings = {
				ASSETCATALOG_COMPILER_APPICON_NAME = AppIcon;
				CODE_SIGN_STYLE = Automatic;
				INFOPLIST_FILE = SpacePhoto/Info.plist;
				LD_RUNPATH_SEARCH_PATHS = (
					"$(inherited)",
					"@executable_path/Frameworks",
				);
				PRODUCT_BUNDLE_IDENTIFIER = com.doanthieu.SpacePhoto;
				PRODUCT_NAME = "$(TARGET_NAME)";
				SWIFT_VERSION = 4.0;
				TARGETED_DEVICE_FAMILY = "1,2";
			};
			name = Release;
		};
/* End XCBuildConfiguration section */

/* Begin XCConfigurationList section */
		D83FF6632074612A006913C0 /* Build configuration list for PBXProject "SpacePhoto" */ = {
			isa = XCConfigurationList;
			buildConfigurations = (
				D83FF6782074612C006913C0 /* Debug */,
				D83FF6792074612C006913C0 /* Release */,
			);
			defaultConfigurationIsVisible = 0;
			defaultConfigurationName = Release;
		};
		D83FF67A2074612C006913C0 /* Build configuration list for PBXNativeTarget "SpacePhoto" */ = {
			isa = XCConfigurationList;
			buildConfigurations = (
				D83FF67B2074612C006913C0 /* Debug */,
				D83FF67C2074612C006913C0 /* Release */,
			);
			defaultConfigurationIsVisible = 0;
			defaultConfigurationName = Release;
		};
/* End XCConfigurationList section */
	};
	rootObject = D83FF6602074612A006913C0 /* Project object */;
}
